{
  "name": "busy",
  "version": "1.0.0",
  "lockfileVersion": 3,
  "requires": true,
  "packages": {
    "": {
      "name": "busy",
      "version": "1.0.0",
      "license": "ISC"
    },
    "busy-v2": {
      "name": "busy-lang",
      "version": "0.2.1",
      "extraneous": true,
      "license": "GPL-3.0-or-later",
      "bin": {
        "busy-gemini-setup": "busy-gemini-setup.js"
      },
      "engines": {
        "node": ">=16"
      }
    }
  }
}
