{
  "name": "busy-lang",
  "version": "0.2.1",
  "lockfileVersion": 3,
  "requires": true,
  "packages": {
    "": {
      "name": "busy-lang",
      "version": "0.2.1",
      "license": "GPL-3.0-or-later",
      "bin": {
        "busy-gemini-setup": "busy-gemini-setup.js"
      },
      "engines": {
        "node": ">=16"
      }
    }
  }
}
